
Microsoft Visual Studio Solution File, Format Version 12.00
# Visual Studio Version 16
VisualStudioVersion = 16.0.30804.86
MinimumVisualStudioVersion = 10.0.40219.1
Project("{FAE04EC0-301F-11D3-BF4B-00C04F79EFBC}") = "01-RacoonBank", "01-RacoonBank\01-RacoonBank.csproj", "{B9D54879-595E-4DEC-A729-6DAD7ABA9A2F}"
EndProject
Global
	GlobalSection(SolutionConfigurationPlatforms) = preSolution
		Debug|Any CPU = Debug|Any CPU
		Release|Any CPU = Release|Any CPU
	EndGlobalSection
	GlobalSection(ProjectConfigurationPlatforms) = postSolution
		{B9D54879-595E-4DEC-A729-6DAD7ABA9A2F}.Debug|Any CPU.ActiveCfg = Debug|Any CPU
		{B9D54879-595E-4DEC-A729-6DAD7ABA9A2F}.Debug|Any CPU.Build.0 = Debug|Any CPU
		{B9D54879-595E-4DEC-A729-6DAD7ABA9A2F}.Release|Any CPU.ActiveCfg = Release|Any CPU
		{B9D54879-595E-4DEC-A729-6DAD7ABA9A2F}.Release|Any CPU.Build.0 = Release|Any CPU
	EndGlobalSection
	GlobalSection(SolutionProperties) = preSolution
		HideSolutionNode = FALSE
	EndGlobalSection
	GlobalSection(ExtensibilityGlobals) = postSolution
		SolutionGuid = {CF62C042-9CCF-4592-9131-D8B1FE1ED120}
	EndGlobalSection
EndGlobal
